
Microsoft Visual Studio Solution File, Format Version 12.00
# Visual Studio Version 17
VisualStudioVersion = 17.9.34714.143
MinimumVisualStudioVersion = 10.0.40219.1
Project("{9A19103F-16F7-4668-BE54-9A1E7A4F7556}") = "LoadingAnimation.Avalonia", "LoadingAnimation.Avalonia\LoadingAnimation.Avalonia.csproj", "{E84FD2D2-C5A9-49CA-9ACE-FEEB5FFDB397}"
EndProject
Project("{FAE04EC0-301F-11D3-BF4B-00C04F79EFBC}") = "LoadingAnimation.Avalonia.Demo", "LoadingAnimation.Avalonia.Demo\LoadingAnimation.Avalonia.Demo.csproj", "{7654C462-4DE9-4259-9524-C4670A47EDA6}"
EndProject
Global
	GlobalSection(SolutionConfigurationPlatforms) = preSolution
		Debug|Any CPU = Debug|Any CPU
		Release|Any CPU = Release|Any CPU
	EndGlobalSection
	GlobalSection(ProjectConfigurationPlatforms) = postSolution
		{E84FD2D2-C5A9-49CA-9ACE-FEEB5FFDB397}.Debug|Any CPU.ActiveCfg = Debug|Any CPU
		{E84FD2D2-C5A9-49CA-9ACE-FEEB5FFDB397}.Debug|Any CPU.Build.0 = Debug|Any CPU
		{E84FD2D2-C5A9-49CA-9ACE-FEEB5FFDB397}.Release|Any CPU.ActiveCfg = Release|Any CPU
		{E84FD2D2-C5A9-49CA-9ACE-FEEB5FFDB397}.Release|Any CPU.Build.0 = Release|Any CPU
		{7654C462-4DE9-4259-9524-C4670A47EDA6}.Debug|Any CPU.ActiveCfg = Debug|Any CPU
		{7654C462-4DE9-4259-9524-C4670A47EDA6}.Debug|Any CPU.Build.0 = Debug|Any CPU
		{7654C462-4DE9-4259-9524-C4670A47EDA6}.Release|Any CPU.ActiveCfg = Release|Any CPU
		{7654C462-4DE9-4259-9524-C4670A47EDA6}.Release|Any CPU.Build.0 = Release|Any CPU
	EndGlobalSection
	GlobalSection(SolutionProperties) = preSolution
		HideSolutionNode = FALSE
	EndGlobalSection
	GlobalSection(ExtensibilityGlobals) = postSolution
		SolutionGuid = {E1021BBD-013A-4E0E-8E1A-E123E078E0C7}
	EndGlobalSection
EndGlobal
